{
  "name": "cryolife",
  "lockfileVersion": 2,
  "requires": true,
  "packages": {
    "": {
      "devDependencies": {
        "@prisma/nextjs-monorepo-workaround-plugin": "^4.15.0"
      }
    },
    "node_modules/@prisma/nextjs-monorepo-workaround-plugin": {
      "version": "4.15.0",
      "resolved": "https://registry.npmjs.org/@prisma/nextjs-monorepo-workaround-plugin/-/nextjs-monorepo-workaround-plugin-4.15.0.tgz",
      "integrity": "sha512-AVImaGnRBmxnxRGlrxT+9No+fgek0fji861jiTQq1rs4sjY/EysW956OCbBGxRWUnEIpLFDDjrqVrFVVUWr4mA==",
      "dev": true
    }
  },
  "dependencies": {
    "@prisma/nextjs-monorepo-workaround-plugin": {
      "version": "4.15.0",
      "resolved": "https://registry.npmjs.org/@prisma/nextjs-monorepo-workaround-plugin/-/nextjs-monorepo-workaround-plugin-4.15.0.tgz",
      "integrity": "sha512-AVImaGnRBmxnxRGlrxT+9No+fgek0fji861jiTQq1rs4sjY/EysW956OCbBGxRWUnEIpLFDDjrqVrFVVUWr4mA==",
      "dev": true
    }
  }
}
